
Microsoft Visual Studio Solution File, Format Version 12.00
# Visual Studio Version 17
VisualStudioVersion = 17.5.002.0
MinimumVisualStudioVersion = 10.0.40219.1
Project("{9A19103F-16F7-4668-BE54-9A1E7A4F7556}") = "plugin", "plugin\plugin.csproj", "{8F98BFE1-DC7A-4947-B132-A2B645379063}"
EndProject
Global
	GlobalSection(SolutionConfigurationPlatforms) = preSolution
		Debug|Any CPU = Debug|Any CPU
		Release|Any CPU = Release|Any CPU
	EndGlobalSection
	GlobalSection(ProjectConfigurationPlatforms) = postSolution
		{8F98BFE1-DC7A-4947-B132-A2B645379063}.Debug|Any CPU.ActiveCfg = Debug|Any CPU
		{8F98BFE1-DC7A-4947-B132-A2B645379063}.Debug|Any CPU.Build.0 = Debug|Any CPU
		{8F98BFE1-DC7A-4947-B132-A2B645379063}.Release|Any CPU.ActiveCfg = Release|Any CPU
		{8F98BFE1-DC7A-4947-B132-A2B645379063}.Release|Any CPU.Build.0 = Release|Any CPU
	EndGlobalSection
	GlobalSection(SolutionProperties) = preSolution
		HideSolutionNode = FALSE
	EndGlobalSection
	GlobalSection(ExtensibilityGlobals) = postSolution
		SolutionGuid = {B8338948-1988-4DC2-AC46-12C2ED35AB16}
	EndGlobalSection
EndGlobal
